// !$*UTF8*$!
{
	archiveVersion = 1;
	classes = {
	};
	objectVersion = 50;
	objects = {

/* Begin PBXBuildFile section */
		3C5D5607B1EA87E04C99EEB3 /* Pods_Telstra.framework in Frameworks */ = {isa = PBXBuildFile; fileRef = B2568C1C124C5E9EC29AB5A2 /* Pods_Telstra.framework */; };
		63925D31673CE8EE076B29F0 /* Pods_TelstraTests.framework in Frameworks */ = {isa = PBXBuildFile; fileRef = FD2CBF8B3D320D456AF8BE5E /* Pods_TelstraTests.framework */; };
		7117FE3524503ED20072B220 /* FeedTableCell.swift in Sources */ = {isa = PBXBuildFile; fileRef = 7117FE3424503ED20072B220 /* FeedTableCell.swift */; };
		7149F08B245027FD004059AB /* AppDelegate.swift in Sources */ = {isa = PBXBuildFile; fileRef = 7149F08A245027FD004059AB /* AppDelegate.swift */; };
		7149F08F245027FD004059AB /* ViewController.swift in Sources */ = {isa = PBXBuildFile; fileRef = 7149F08E245027FD004059AB /* ViewController.swift */; };
		7149F09424502800004059AB /* Assets.xcassets in Resources */ = {isa = PBXBuildFile; fileRef = 7149F09324502800004059AB /* Assets.xcassets */; };
		7149F09724502800004059AB /* LaunchScreen.storyboard in Resources */ = {isa = PBXBuildFile; fileRef = 7149F09524502800004059AB /* LaunchScreen.storyboard */; };
		7149F0A224502800004059AB /* TelstraTests.swift in Sources */ = {isa = PBXBuildFile; fileRef = 7149F0A124502800004059AB /* TelstraTests.swift */; };
		7149F0B124502A30004059AB /* Feed.swift in Sources */ = {isa = PBXBuildFile; fileRef = 7149F0B024502A30004059AB /* Feed.swift */; };
		7149F0B424502A69004059AB /* APIService.swift in Sources */ = {isa = PBXBuildFile; fileRef = 7149F0B324502A69004059AB /* APIService.swift */; };
		7149F0B624502B9A004059AB /* stub.json in Resources */ = {isa = PBXBuildFile; fileRef = 7149F0B524502B9A004059AB /* stub.json */; };
		7149F0B824502BB5004059AB /* MockSession.swift in Sources */ = {isa = PBXBuildFile; fileRef = 7149F0B724502BB5004059AB /* MockSession.swift */; };
		7149F0BB24502CBA004059AB /* stub.json in Resources */ = {isa = PBXBuildFile; fileRef = 7149F0B524502B9A004059AB /* stub.json */; };
		7149F0BE24502D64004059AB /* ContentViewModel.swift in Sources */ = {isa = PBXBuildFile; fileRef = 7149F0BD24502D64004059AB /* ContentViewModel.swift */; };
		7149F0C024502D7D004059AB /* FeedViewModel.swift in Sources */ = {isa = PBXBuildFile; fileRef = 7149F0BF24502D7D004059AB /* FeedViewModel.swift */; };
		7149F0C324502DAD004059AB /* Extensions.swift in Sources */ = {isa = PBXBuildFile; fileRef = 7149F0C224502DAD004059AB /* Extensions.swift */; };
/* End PBXBuildFile section */

/* Begin PBXContainerItemProxy section */
		7149F09E24502800004059AB /* PBXContainerItemProxy */ = {
			isa = PBXContainerItemProxy;
			containerPortal = 7149F07F245027FD004059AB /* Project object */;
			proxyType = 1;
			remoteGlobalIDString = 7149F086245027FD004059AB;
			remoteInfo = Telstra;
		};
/* End PBXContainerItemProxy section */

/* Begin PBXFileReference section */
		2DE420258843F6F619991455 /* Pods-TelstraTests.release.xcconfig */ = {isa = PBXFileReference; includeInIndex = 1; lastKnownFileType = text.xcconfig; name = "Pods-TelstraTests.release.xcconfig"; path = "Target Support Files/Pods-TelstraTests/Pods-TelstraTests.release.xcconfig"; sourceTree = "<group>"; };
		560832A8C3EB39413E78DDF0 /* Pods-Telstra.release.xcconfig */ = {isa = PBXFileReference; includeInIndex = 1; lastKnownFileType = text.xcconfig; name = "Pods-Telstra.release.xcconfig"; path = "Target Support Files/Pods-Telstra/Pods-Telstra.release.xcconfig"; sourceTree = "<group>"; };
		7117FE3424503ED20072B220 /* FeedTableCell.swift */ = {isa = PBXFileReference; lastKnownFileType = sourcecode.swift; path = FeedTableCell.swift; sourceTree = "<group>"; };
		7149F087245027FD004059AB /* Telstra.app */ = {isa = PBXFileReference; explicitFileType = wrapper.application; includeInIndex = 0; path = Telstra.app; sourceTree = BUILT_PRODUCTS_DIR; };
		7149F08A245027FD004059AB /* AppDelegate.swift */ = {isa = PBXFileReference; lastKnownFileType = sourcecode.swift; path = AppDelegate.swift; sourceTree = "<group>"; };
		7149F08E245027FD004059AB /* ViewController.swift */ = {isa = PBXFileReference; lastKnownFileType = sourcecode.swift; path = ViewController.swift; sourceTree = "<group>"; };
		7149F09324502800004059AB /* Assets.xcassets */ = {isa = PBXFileReference; lastKnownFileType = folder.assetcatalog; path = Assets.xcassets; sourceTree = "<group>"; };
		7149F09624502800004059AB /* Base */ = {isa = PBXFileReference; lastKnownFileType = file.storyboard; name = Base; path = Base.lproj/LaunchScreen.storyboard; sourceTree = "<group>"; };
		7149F09824502800004059AB /* Info.plist */ = {isa = PBXFileReference; lastKnownFileType = text.plist.xml; path = Info.plist; sourceTree = "<group>"; };
		7149F09D24502800004059AB /* TelstraTests.xctest */ = {isa = PBXFileReference; explicitFileType = wrapper.cfbundle; includeInIndex = 0; path = TelstraTests.xctest; sourceTree = BUILT_PRODUCTS_DIR; };
		7149F0A124502800004059AB /* TelstraTests.swift */ = {isa = PBXFileReference; lastKnownFileType = sourcecode.swift; path = TelstraTests.swift; sourceTree = "<group>"; };
		7149F0A324502800004059AB /* Info.plist */ = {isa = PBXFileReference; lastKnownFileType = text.plist.xml; path = Info.plist; sourceTree = "<group>"; };
		7149F0B024502A30004059AB /* Feed.swift */ = {isa = PBXFileReference; lastKnownFileType = sourcecode.swift; path = Feed.swift; sourceTree = "<group>"; };
		7149F0B324502A69004059AB /* APIService.swift */ = {isa = PBXFileReference; lastKnownFileType = sourcecode.swift; path = APIService.swift; sourceTree = "<group>"; };
		7149F0B524502B9A004059AB /* stub.json */ = {isa = PBXFileReference; lastKnownFileType = text.json; path = stub.json; sourceTree = "<group>"; };
		7149F0B724502BB5004059AB /* MockSession.swift */ = {isa = PBXFileReference; lastKnownFileType = sourcecode.swift; path = MockSession.swift; sourceTree = "<group>"; };
		7149F0BD24502D64004059AB /* ContentViewModel.swift */ = {isa = PBXFileReference; lastKnownFileType = sourcecode.swift; path = ContentViewModel.swift; sourceTree = "<group>"; };
		7149F0BF24502D7D004059AB /* FeedViewModel.swift */ = {isa = PBXFileReference; lastKnownFileType = sourcecode.swift; path = FeedViewModel.swift; sourceTree = "<group>"; };
		7149F0C224502DAD004059AB /* Extensions.swift */ = {isa = PBXFileReference; lastKnownFileType = sourcecode.swift; path = Extensions.swift; sourceTree = "<group>"; };
		B2568C1C124C5E9EC29AB5A2 /* Pods_Telstra.framework */ = {isa = PBXFileReference; explicitFileType = wrapper.framework; includeInIndex = 0; path = Pods_Telstra.framework; sourceTree = BUILT_PRODUCTS_DIR; };
		BA88A500905B6985DEC75583 /* Pods-TelstraTests.debug.xcconfig */ = {isa = PBXFileReference; includeInIndex = 1; lastKnownFileType = text.xcconfig; name = "Pods-TelstraTests.debug.xcconfig"; path = "Target Support Files/Pods-TelstraTests/Pods-TelstraTests.debug.xcconfig"; sourceTree = "<group>"; };
		EF3E27FF7B6197A30036C1C7 /* Pods-Telstra.debug.xcconfig */ = {isa = PBXFileReference; includeInIndex = 1; lastKnownFileType = text.xcconfig; name = "Pods-Telstra.debug.xcconfig"; path = "Target Support Files/Pods-Telstra/Pods-Telstra.debug.xcconfig"; sourceTree = "<group>"; };
		FD2CBF8B3D320D456AF8BE5E /* Pods_TelstraTests.framework */ = {isa = PBXFileReference; explicitFileType = wrapper.framework; includeInIndex = 0; path = Pods_TelstraTests.framework; sourceTree = BUILT_PRODUCTS_DIR; };
/* End PBXFileReference section */

/* Begin PBXFrameworksBuildPhase section */
		7149F084245027FD004059AB /* Frameworks */ = {
			isa = PBXFrameworksBuildPhase;
			buildActionMask = 2147483647;
			files = (
				3C5D5607B1EA87E04C99EEB3 /* Pods_Telstra.framework in Frameworks */,
			);
			runOnlyForDeploymentPostprocessing = 0;
		};
		7149F09A24502800004059AB /* Frameworks */ = {
			isa = PBXFrameworksBuildPhase;
			buildActionMask = 2147483647;
			files = (
				63925D31673CE8EE076B29F0 /* Pods_TelstraTests.framework in Frameworks */,
			);
			runOnlyForDeploymentPostprocessing = 0;
		};
/* End PBXFrameworksBuildPhase section */

/* Begin PBXGroup section */
		192AD7ACFFDE4D40EE8CF7A2 /* Pods */ = {
			isa = PBXGroup;
			children = (
				EF3E27FF7B6197A30036C1C7 /* Pods-Telstra.debug.xcconfig */,
				560832A8C3EB39413E78DDF0 /* Pods-Telstra.release.xcconfig */,
				BA88A500905B6985DEC75583 /* Pods-TelstraTests.debug.xcconfig */,
				2DE420258843F6F619991455 /* Pods-TelstraTests.release.xcconfig */,
			);
			name = Pods;
			path = Pods;
			sourceTree = "<group>";
		};
		7117FE3324503EB20072B220 /* View */ = {
			isa = PBXGroup;
			children = (
				7117FE3424503ED20072B220 /* FeedTableCell.swift */,
			);
			path = View;
			sourceTree = "<group>";
		};
		7149F07E245027FD004059AB = {
			isa = PBXGroup;
			children = (
				7149F089245027FD004059AB /* Telstra */,
				7149F0A024502800004059AB /* TelstraTests */,
				7149F088245027FD004059AB /* Products */,
				192AD7ACFFDE4D40EE8CF7A2 /* Pods */,
				A6F2F49B907B59E7CA39C672 /* Frameworks */,
			);
			sourceTree = "<group>";
		};
		7149F088245027FD004059AB /* Products */ = {
			isa = PBXGroup;
			children = (
				7149F087245027FD004059AB /* Telstra.app */,
				7149F09D24502800004059AB /* TelstraTests.xctest */,
			);
			name = Products;
			sourceTree = "<group>";
		};
		7149F089245027FD004059AB /* Telstra */ = {
			isa = PBXGroup;
			children = (
				7117FE3324503EB20072B220 /* View */,
				7149F0C124502D9D004059AB /* Util */,
				7149F0BC24502D49004059AB /* ViewModel */,
				7149F0B224502A58004059AB /* Service */,
				7149F0AF24502A24004059AB /* Model */,
				7149F08A245027FD004059AB /* AppDelegate.swift */,
				7149F08E245027FD004059AB /* ViewController.swift */,
				7149F09324502800004059AB /* Assets.xcassets */,
				7149F09524502800004059AB /* LaunchScreen.storyboard */,
				7149F09824502800004059AB /* Info.plist */,
			);
			path = Telstra;
			sourceTree = "<group>";
		};
		7149F0A024502800004059AB /* TelstraTests */ = {
			isa = PBXGroup;
			children = (
				7149F0A124502800004059AB /* TelstraTests.swift */,
				7149F0A324502800004059AB /* Info.plist */,
				7149F0B524502B9A004059AB /* stub.json */,
				7149F0B724502BB5004059AB /* MockSession.swift */,
			);
			path = TelstraTests;
			sourceTree = "<group>";
		};
		7149F0AF24502A24004059AB /* Model */ = {
			isa = PBXGroup;
			children = (
				7149F0B024502A30004059AB /* Feed.swift */,
			);
			path = Model;
			sourceTree = "<group>";
		};
		7149F0B224502A58004059AB /* Service */ = {
			isa = PBXGroup;
			children = (
				7149F0B324502A69004059AB /* APIService.swift */,
			);
			path = Service;
			sourceTree = "<group>";
		};
		7149F0BC24502D49004059AB /* ViewModel */ = {
			isa = PBXGroup;
			children = (
				7149F0BD24502D64004059AB /* ContentViewModel.swift */,
				7149F0BF24502D7D004059AB /* FeedViewModel.swift */,
			);
			path = ViewModel;
			sourceTree = "<group>";
		};
		7149F0C124502D9D004059AB /* Util */ = {
			isa = PBXGroup;
			children = (
				7149F0C224502DAD004059AB /* Extensions.swift */,
			);
			path = Util;
			sourceTree = "<group>";
		};
		A6F2F49B907B59E7CA39C672 /* Frameworks */ = {
			isa = PBXGroup;
			children = (
				B2568C1C124C5E9EC29AB5A2 /* Pods_Telstra.framework */,
				FD2CBF8B3D320D456AF8BE5E /* Pods_TelstraTests.framework */,
			);
			name = Frameworks;
			sourceTree = "<group>";
		};
/* End PBXGroup section */

/* Begin PBXNativeTarget section */
		7149F086245027FD004059AB /* Telstra */ = {
			isa = PBXNativeTarget;
			buildConfigurationList = 7149F0A624502800004059AB /* Build configuration list for PBXNativeTarget "Telstra" */;
			buildPhases = (
				B8ADA830CAB15A20BA4638CF /* [CP] Check Pods Manifest.lock */,
				7149F083245027FD004059AB /* Sources */,
				7149F084245027FD004059AB /* Frameworks */,
				7149F085245027FD004059AB /* Resources */,
				FA602BC68D167C800AA90FA3 /* [CP] Embed Pods Frameworks */,
			);
			buildRules = (
			);
			dependencies = (
			);
			name = Telstra;
			productName = Telstra;
			productReference = 7149F087245027FD004059AB /* Telstra.app */;
			productType = "com.apple.product-type.application";
		};
		7149F09C24502800004059AB /* TelstraTests */ = {
			isa = PBXNativeTarget;
			buildConfigurationList = 7149F0A924502800004059AB /* Build configuration list for PBXNativeTarget "TelstraTests" */;
			buildPhases = (
				CFEEA0927E0573D9D41B2B73 /* [CP] Check Pods Manifest.lock */,
				7149F09924502800004059AB /* Sources */,
				7149F09A24502800004059AB /* Frameworks */,
				7149F09B24502800004059AB /* Resources */,
			);
			buildRules = (
			);
			dependencies = (
				7149F09F24502800004059AB /* PBXTargetDependency */,
			);
			name = TelstraTests;
			productName = TelstraTests;
			productReference = 7149F09D24502800004059AB /* TelstraTests.xctest */;
			productType = "com.apple.product-type.bundle.unit-test";
		};
/* End PBXNativeTarget section */

/* Begin PBXProject section */
		7149F07F245027FD004059AB /* Project object */ = {
			isa = PBXProject;
			attributes = {
				LastSwiftUpdateCheck = 1140;
				LastUpgradeCheck = 1140;
				ORGANIZATIONNAME = jiarui;
				TargetAttributes = {
					7149F086245027FD004059AB = {
						CreatedOnToolsVersion = 11.4;
					};
					7149F09C24502800004059AB = {
						CreatedOnToolsVersion = 11.4;
						TestTargetID = 7149F086245027FD004059AB;
					};
				};
			};
			buildConfigurationList = 7149F082245027FD004059AB /* Build configuration list for PBXProject "Telstra" */;
			compatibilityVersion = "Xcode 9.3";
			developmentRegion = en;
			hasScannedForEncodings = 0;
			knownRegions = (
				en,
				Base,
			);
			mainGroup = 7149F07E245027FD004059AB;
			productRefGroup = 7149F088245027FD004059AB /* Products */;
			projectDirPath = "";
			projectRoot = "";
			targets = (
				7149F086245027FD004059AB /* Telstra */,
				7149F09C24502800004059AB /* TelstraTests */,
			);
		};
/* End PBXProject section */

/* Begin PBXResourcesBuildPhase section */
		7149F085245027FD004059AB /* Resources */ = {
			isa = PBXResourcesBuildPhase;
			buildActionMask = 2147483647;
			files = (
				7149F09724502800004059AB /* LaunchScreen.storyboard in Resources */,
				7149F09424502800004059AB /* Assets.xcassets in Resources */,
				7149F0BB24502CBA004059AB /* stub.json in Resources */,
			);
			runOnlyForDeploymentPostprocessing = 0;
		};
		7149F09B24502800004059AB /* Resources */ = {
			isa = PBXResourcesBuildPhase;
			buildActionMask = 2147483647;
			files = (
				7149F0B624502B9A004059AB /* stub.json in Resources */,
			);
			runOnlyForDeploymentPostprocessing = 0;
		};
/* End PBXResourcesBuildPhase section */

/* Begin PBXShellScriptBuildPhase section */
		B8ADA830CAB15A20BA4638CF /* [CP] Check Pods Manifest.lock */ = {
			isa = PBXShellScriptBuildPhase;
			buildActionMask = 2147483647;
			files = (
			);
			inputFileListPaths = (
			);
			inputPaths = (
				"${PODS_PODFILE_DIR_PATH}/Podfile.lock",
				"${PODS_ROOT}/Manifest.lock",
			);
			name = "[CP] Check Pods Manifest.lock";
			outputFileListPaths = (
			);
			outputPaths = (
				"$(DERIVED_FILE_DIR)/Pods-Telstra-checkManifestLockResult.txt",
			);
			runOnlyForDeploymentPostprocessing = 0;
			shellPath = /bin/sh;
			shellScript = "diff \"${PODS_PODFILE_DIR_PATH}/Podfile.lock\" \"${PODS_ROOT}/Manifest.lock\" > /dev/null\nif [ $? != 0 ] ; then\n    # print error to STDERR\n    echo \"error: The sandbox is not in sync with the Podfile.lock. Run 'pod install' or update your CocoaPods installation.\" >&2\n    exit 1\nfi\n# This output is used by Xcode 'outputs' to avoid re-running this script phase.\necho \"SUCCESS\" > \"${SCRIPT_OUTPUT_FILE_0}\"\n";
			showEnvVarsInLog = 0;
		};
		CFEEA0927E0573D9D41B2B73 /* [CP] Check Pods Manifest.lock */ = {
			isa = PBXShellScriptBuildPhase;
			buildActionMask = 2147483647;
			files = (
			);
			inputFileListPaths = (
			);
			inputPaths = (
				"${PODS_PODFILE_DIR_PATH}/Podfile.lock",
				"${PODS_ROOT}/Manifest.lock",
			);
			name = "[CP] Check Pods Manifest.lock";
			outputFileListPaths = (
			);
			outputPaths = (
				"$(DERIVED_FILE_DIR)/Pods-TelstraTests-checkManifestLockResult.txt",
			);
			runOnlyForDeploymentPostprocessing = 0;
			shellPath = /bin/sh;
			shellScript = "diff \"${PODS_PODFILE_DIR_PATH}/Podfile.lock\" \"${PODS_ROOT}/Manifest.lock\" > /dev/null\nif [ $? != 0 ] ; then\n    # print error to STDERR\n    echo \"error: The sandbox is not in sync with the Podfile.lock. Run 'pod install' or update your CocoaPods installation.\" >&2\n    exit 1\nfi\n# This output is used by Xcode 'outputs' to avoid re-running this script phase.\necho \"SUCCESS\" > \"${SCRIPT_OUTPUT_FILE_0}\"\n";
			showEnvVarsInLog = 0;
		};
		FA602BC68D167C800AA90FA3 /* [CP] Embed Pods Frameworks */ = {
			isa = PBXShellScriptBuildPhase;
			buildActionMask = 2147483647;
			files = (
			);
			inputFileListPaths = (
				"${PODS_ROOT}/Target Support Files/Pods-Telstra/Pods-Telstra-frameworks-${CONFIGURATION}-input-files.xcfilelist",
			);
			name = "[CP] Embed Pods Frameworks";
			outputFileListPaths = (
				"${PODS_ROOT}/Target Support Files/Pods-Telstra/Pods-Telstra-frameworks-${CONFIGURATION}-output-files.xcfilelist",
			);
			runOnlyForDeploymentPostprocessing = 0;
			shellPath = /bin/sh;
			shellScript = "\"${PODS_ROOT}/Target Support Files/Pods-Telstra/Pods-Telstra-frameworks.sh\"\n";
			showEnvVarsInLog = 0;
		};
/* End PBXShellScriptBuildPhase section */

/* Begin PBXSourcesBuildPhase section */
		7149F083245027FD004059AB /* Sources */ = {
			isa = PBXSourcesBuildPhase;
			buildActionMask = 2147483647;
			files = (
				7149F08F245027FD004059AB /* ViewController.swift in Sources */,
				7149F0B424502A69004059AB /* APIService.swift in Sources */,
				7117FE3524503ED20072B220 /* FeedTableCell.swift in Sources */,
				7149F0C024502D7D004059AB /* FeedViewModel.swift in Sources */,
				7149F0B124502A30004059AB /* Feed.swift in Sources */,
				7149F08B245027FD004059AB /* AppDelegate.swift in Sources */,
				7149F0BE24502D64004059AB /* ContentViewModel.swift in Sources */,
				7149F0C324502DAD004059AB /* Extensions.swift in Sources */,
			);
			runOnlyForDeploymentPostprocessing = 0;
		};
		7149F09924502800004059AB /* Sources */ = {
			isa = PBXSourcesBuildPhase;
			buildActionMask = 2147483647;
			files = (
				7149F0B824502BB5004059AB /* MockSession.swift in Sources */,
				7149F0A224502800004059AB /* TelstraTests.swift in Sources */,
			);
			runOnlyForDeploymentPostprocessing = 0;
		};
/* End PBXSourcesBuildPhase section */

/* Begin PBXTargetDependency section */
		7149F09F24502800004059AB /* PBXTargetDependency */ = {
			isa = PBXTargetDependency;
			target = 7149F086245027FD004059AB /* Telstra */;
			targetProxy = 7149F09E24502800004059AB /* PBXContainerItemProxy */;
		};
/* End PBXTargetDependency section */

/* Begin PBXVariantGroup section */
		7149F09524502800004059AB /* LaunchScreen.storyboard */ = {
			isa = PBXVariantGroup;
			children = (
				7149F09624502800004059AB /* Base */,
			);
			name = LaunchScreen.storyboard;
			sourceTree = "<group>";
		};
/* End PBXVariantGroup section */

/* Begin XCBuildConfiguration section */
		7149F0A424502800004059AB /* Debug */ = {
			isa = XCBuildConfiguration;
			buildSettings = {
				ALWAYS_SEARCH_USER_PATHS = NO;
				CLANG_ANALYZER_NONNULL = YES;
				CLANG_ANALYZER_NUMBER_OBJECT_CONVERSION = YES_AGGRESSIVE;
				CLANG_CXX_LANGUAGE_STANDARD = "gnu++14";
				CLANG_CXX_LIBRARY = "libc++";
				CLANG_ENABLE_MODULES = YES;
				CLANG_ENABLE_OBJC_ARC = YES;
				CLANG_ENABLE_OBJC_WEAK = YES;
				CLANG_WARN_BLOCK_CAPTURE_AUTORELEASING = YES;
				CLANG_WARN_BOOL_CONVERSION = YES;
				CLANG_WARN_COMMA = YES;
				CLANG_WARN_CONSTANT_CONVERSION = YES;
				CLANG_WARN_DEPRECATED_OBJC_IMPLEMENTATIONS = YES;
				CLANG_WARN_DIRECT_OBJC_ISA_USAGE = YES_ERROR;
				CLANG_WARN_DOCUMENTATION_COMMENTS = YES;
				CLANG_WARN_EMPTY_BODY = YES;
				CLANG_WARN_ENUM_CONVERSION = YES;
				CLANG_WARN_INFINITE_RECURSION = YES;
				CLANG_WARN_INT_CONVERSION = YES;
				CLANG_WARN_NON_LITERAL_NULL_CONVERSION = YES;
				CLANG_WARN_OBJC_IMPLICIT_RETAIN_SELF = YES;
				CLANG_WARN_OBJC_LITERAL_CONVERSION = YES;
				CLANG_WARN_OBJC_ROOT_CLASS = YES_ERROR;
				CLANG_WARN_RANGE_LOOP_ANALYSIS = YES;
				CLANG_WARN_STRICT_PROTOTYPES = YES;
				CLANG_WARN_SUSPICIOUS_MOVE = YES;
				CLANG_WARN_UNGUARDED_AVAILABILITY = YES_AGGRESSIVE;
				CLANG_WARN_UNREACHABLE_CODE = YES;
				CLANG_WARN__DUPLICATE_METHOD_MATCH = YES;
				COPY_PHASE_STRIP = NO;
				DEBUG_INFORMATION_FORMAT = dwarf;
				ENABLE_STRICT_OBJC_MSGSEND = YES;
				ENABLE_TESTABILITY = YES;
				GCC_C_LANGUAGE_STANDARD = gnu11;
				GCC_DYNAMIC_NO_PIC = NO;
				GCC_NO_COMMON_BLOCKS = YES;
				GCC_OPTIMIZATION_LEVEL = 0;
				GCC_PREPROCESSOR_DEFINITIONS = (
					"DEBUG=1",
					"$(inherited)",
				);
				GCC_WARN_64_TO_32_BIT_CONVERSION = YES;
				GCC_WARN_ABOUT_RETURN_TYPE = YES_ERROR;
				GCC_WARN_UNDECLARED_SELECTOR = YES;
				GCC_WARN_UNINITIALIZED_AUTOS = YES_AGGRESSIVE;
				GCC_WARN_UNUSED_FUNCTION = YES;
				GCC_WARN_UNUSED_VARIABLE = YES;
				IPHONEOS_DEPLOYMENT_TARGET = 11.0;
				MTL_ENABLE_DEBUG_INFO = INCLUDE_SOURCE;
				MTL_FAST_MATH = YES;
				ONLY_ACTIVE_ARCH = YES;
				SDKROOT = iphoneos;
				SWIFT_ACTIVE_COMPILATION_CONDITIONS = DEBUG;
				SWIFT_OPTIMIZATION_LEVEL = "-Onone";
			};
			name = Debug;
		};
		7149F0A524502800004059AB /* Release */ = {
			isa = XCBuildConfiguration;
			buildSettings = {
				ALWAYS_SEARCH_USER_PATHS = NO;
				CLANG_ANALYZER_NONNULL = YES;
				CLANG_ANALYZER_NUMBER_OBJECT_CONVERSION = YES_AGGRESSIVE;
				CLANG_CXX_LANGUAGE_STANDARD = "gnu++14";
				CLANG_CXX_LIBRARY = "libc++";
				CLANG_ENABLE_MODULES = YES;
				CLANG_ENABLE_OBJC_ARC = YES;
				CLANG_ENABLE_OBJC_WEAK = YES;
				CLANG_WARN_BLOCK_CAPTURE_AUTORELEASING = YES;
				CLANG_WARN_BOOL_CONVERSION = YES;
				CLANG_WARN_COMMA = YES;
				CLANG_WARN_CONSTANT_CONVERSION = YES;
				CLANG_WARN_DEPRECATED_OBJC_IMPLEMENTATIONS = YES;
				CLANG_WARN_DIRECT_OBJC_ISA_USAGE = YES_ERROR;
				CLANG_WARN_DOCUMENTATION_COMMENTS = YES;
				CLANG_WARN_EMPTY_BODY = YES;
				CLANG_WARN_ENUM_CONVERSION = YES;
				CLANG_WARN_INFINITE_RECURSION = YES;
				CLANG_WARN_INT_CONVERSION = YES;
				CLANG_WARN_NON_LITERAL_NULL_CONVERSION = YES;
				CLANG_WARN_OBJC_IMPLICIT_RETAIN_SELF = YES;
				CLANG_WARN_OBJC_LITERAL_CONVERSION = YES;
				CLANG_WARN_OBJC_ROOT_CLASS = YES_ERROR;
				CLANG_WARN_RANGE_LOOP_ANALYSIS = YES;
				CLANG_WARN_STRICT_PROTOTYPES = YES;
				CLANG_WARN_SUSPICIOUS_MOVE = YES;
				CLANG_WARN_UNGUARDED_AVAILABILITY = YES_AGGRESSIVE;
				CLANG_WARN_UNREACHABLE_CODE = YES;
				CLANG_WARN__DUPLICATE_METHOD_MATCH = YES;
				COPY_PHASE_STRIP = NO;
				DEBUG_INFORMATION_FORMAT = "dwarf-with-dsym";
				ENABLE_NS_ASSERTIONS = NO;
				ENABLE_STRICT_OBJC_MSGSEND = YES;
				GCC_C_LANGUAGE_STANDARD = gnu11;
				GCC_NO_COMMON_BLOCKS = YES;
				GCC_WARN_64_TO_32_BIT_CONVERSION = YES;
				GCC_WARN_ABOUT_RETURN_TYPE = YES_ERROR;
				GCC_WARN_UNDECLARED_SELECTOR = YES;
				GCC_WARN_UNINITIALIZED_AUTOS = YES_AGGRESSIVE;
				GCC_WARN_UNUSED_FUNCTION = YES;
				GCC_WARN_UNUSED_VARIABLE = YES;
				IPHONEOS_DEPLOYMENT_TARGET = 11.0;
				MTL_ENABLE_DEBUG_INFO = NO;
				MTL_FAST_MATH = YES;
				SDKROOT = iphoneos;
				SWIFT_COMPILATION_MODE = wholemodule;
				SWIFT_OPTIMIZATION_LEVEL = "-O";
				VALIDATE_PRODUCT = YES;
			};
			name = Release;
		};
		7149F0A724502800004059AB /* Debug */ = {
			isa = XCBuildConfiguration;
			baseConfigurationReference = EF3E27FF7B6197A30036C1C7 /* Pods-Telstra.debug.xcconfig */;
			buildSettings = {
				ASSETCATALOG_COMPILER_APPICON_NAME = AppIcon;
				CODE_SIGN_STYLE = Automatic;
				INFOPLIST_FILE = Telstra/Info.plist;
				IPHONEOS_DEPLOYMENT_TARGET = 11.0;
				LD_RUNPATH_SEARCH_PATHS = (
					"$(inherited)",
					"@executable_path/Frameworks",
				);
				PRODUCT_BUNDLE_IDENTIFIER = com.jiarui.Telstra;
				PRODUCT_NAME = "$(TARGET_NAME)";
				SWIFT_VERSION = 5.0;
				TARGETED_DEVICE_FAMILY = 1;
			};
			name = Debug;
		};
		7149F0A824502800004059AB /* Release */ = {
			isa = XCBuildConfiguration;
			baseConfigurationReference = 560832A8C3EB39413E78DDF0 /* Pods-Telstra.release.xcconfig */;
			buildSettings = {
				ASSETCATALOG_COMPILER_APPICON_NAME = AppIcon;
				CODE_SIGN_STYLE = Automatic;
				INFOPLIST_FILE = Telstra/Info.plist;
				IPHONEOS_DEPLOYMENT_TARGET = 11.0;
				LD_RUNPATH_SEARCH_PATHS = (
					"$(inherited)",
					"@executable_path/Frameworks",
				);
				PRODUCT_BUNDLE_IDENTIFIER = com.jiarui.Telstra;
				PRODUCT_NAME = "$(TARGET_NAME)";
				SWIFT_VERSION = 5.0;
				TARGETED_DEVICE_FAMILY = 1;
			};
			name = Release;
		};
		7149F0AA24502800004059AB /* Debug */ = {
			isa = XCBuildConfiguration;
			baseConfigurationReference = BA88A500905B6985DEC75583 /* Pods-TelstraTests.debug.xcconfig */;
			buildSettings = {
				ALWAYS_EMBED_SWIFT_STANDARD_LIBRARIES = YES;
				BUNDLE_LOADER = "$(TEST_HOST)";
				CODE_SIGN_STYLE = Automatic;
				INFOPLIST_FILE = TelstraTests/Info.plist;
				IPHONEOS_DEPLOYMENT_TARGET = 13.4;
				LD_RUNPATH_SEARCH_PATHS = (
					"$(inherited)",
					"@executable_path/Frameworks",
					"@loader_path/Frameworks",
				);
				PRODUCT_BUNDLE_IDENTIFIER = com.jiarui.TelstraTests;
				PRODUCT_NAME = "$(TARGET_NAME)";
				SWIFT_VERSION = 5.0;
				TARGETED_DEVICE_FAMILY = "1,2";
				TEST_HOST = "$(BUILT_PRODUCTS_DIR)/Telstra.app/Telstra";
			};
			name = Debug;
		};
		7149F0AB24502800004059AB /* Release */ = {
			isa = XCBuildConfiguration;
			baseConfigurationReference = 2DE420258843F6F619991455 /* Pods-TelstraTests.release.xcconfig */;
			buildSettings = {
				ALWAYS_EMBED_SWIFT_STANDARD_LIBRARIES = YES;
				BUNDLE_LOADER = "$(TEST_HOST)";
				CODE_SIGN_STYLE = Automatic;
				INFOPLIST_FILE = TelstraTests/Info.plist;
				IPHONEOS_DEPLOYMENT_TARGET = 13.4;
				LD_RUNPATH_SEARCH_PATHS = (
					"$(inherited)",
					"@executable_path/Frameworks",
					"@loader_path/Frameworks",
				);
				PRODUCT_BUNDLE_IDENTIFIER = com.jiarui.TelstraTests;
				PRODUCT_NAME = "$(TARGET_NAME)";
				SWIFT_VERSION = 5.0;
				TARGETED_DEVICE_FAMILY = "1,2";
				TEST_HOST = "$(BUILT_PRODUCTS_DIR)/Telstra.app/Telstra";
			};
			name = Release;
		};
/* End XCBuildConfiguration section */

/* Begin XCConfigurationList section */
		7149F082245027FD004059AB /* Build configuration list for PBXProject "Telstra" */ = {
			isa = XCConfigurationList;
			buildConfigurations = (
				7149F0A424502800004059AB /* Debug */,
				7149F0A524502800004059AB /* Release */,
			);
			defaultConfigurationIsVisible = 0;
			defaultConfigurationName = Release;
		};
		7149F0A624502800004059AB /* Build configuration list for PBXNativeTarget "Telstra" */ = {
			isa = XCConfigurationList;
			buildConfigurations = (
				7149F0A724502800004059AB /* Debug */,
				7149F0A824502800004059AB /* Release */,
			);
			defaultConfigurationIsVisible = 0;
			defaultConfigurationName = Release;
		};
		7149F0A924502800004059AB /* Build configuration list for PBXNativeTarget "TelstraTests" */ = {
			isa = XCConfigurationList;
			buildConfigurations = (
				7149F0AA24502800004059AB /* Debug */,
				7149F0AB24502800004059AB /* Release */,
			);
			defaultConfigurationIsVisible = 0;
			defaultConfigurationName = Release;
		};
/* End XCConfigurationList section */
	};
	rootObject = 7149F07F245027FD004059AB /* Project object */;
}
